
Microsoft Visual Studio Solution File, Format Version 12.00
# Visual Studio Version 17
VisualStudioVersion = 17.7.34221.43
MinimumVisualStudioVersion = 10.0.40219.1
Project("{FAE04EC0-301F-11D3-BF4B-00C04F79EFBC}") = "ASPCoreWebAPICRUD", "ASPCoreWebAPICRUD\ASPCoreWebAPICRUD.csproj", "{6C8AE4B3-7987-4EFE-BDBB-2E289AA3182A}"
EndProject
Global
	GlobalSection(SolutionConfigurationPlatforms) = preSolution
		Debug|Any CPU = Debug|Any CPU
		Release|Any CPU = Release|Any CPU
	EndGlobalSection
	GlobalSection(ProjectConfigurationPlatforms) = postSolution
		{6C8AE4B3-7987-4EFE-BDBB-2E289AA3182A}.Debug|Any CPU.ActiveCfg = Debug|Any CPU
		{6C8AE4B3-7987-4EFE-BDBB-2E289AA3182A}.Debug|Any CPU.Build.0 = Debug|Any CPU
		{6C8AE4B3-7987-4EFE-BDBB-2E289AA3182A}.Release|Any CPU.ActiveCfg = Release|Any CPU
		{6C8AE4B3-7987-4EFE-BDBB-2E289AA3182A}.Release|Any CPU.Build.0 = Release|Any CPU
	EndGlobalSection
	GlobalSection(SolutionProperties) = preSolution
		HideSolutionNode = FALSE
	EndGlobalSection
	GlobalSection(ExtensibilityGlobals) = postSolution
		SolutionGuid = {2DD74724-BEEE-489B-BDAD-B094C14E1B95}
	EndGlobalSection
EndGlobal
